
Microsoft Visual Studio Solution File, Format Version 12.00
# Visual Studio 15
VisualStudioVersion = 15.0.27703.2000
MinimumVisualStudioVersion = 10.0.40219.1
Project("{FAE04EC0-301F-11D3-BF4B-00C04F79EFBC}") = "HandyControl", "HandyControl\HandyControl.csproj", "{DC966E3D-BCFF-4652-98CF-070E5494749A}"
EndProject
Project("{FAE04EC0-301F-11D3-BF4B-00C04F79EFBC}") = "HandyControlDemo", "HandyControlDemo\HandyControlDemo.csproj", "{9A7B52E6-94BB-4E7E-BB6A-7CF6761B79A7}"
EndProject
Global
	GlobalSection(SolutionConfigurationPlatforms) = preSolution
		Debug-Net45|Any CPU = Debug-Net45|Any CPU
		Debug-Net462|Any CPU = Debug-Net462|Any CPU
		Debug-Net47|Any CPU = Debug-Net47|Any CPU
		Release-Net45|Any CPU = Release-Net45|Any CPU
		Release-Net462|Any CPU = Release-Net462|Any CPU
		Release-Net47|Any CPU = Release-Net47|Any CPU
	EndGlobalSection
	GlobalSection(ProjectConfigurationPlatforms) = postSolution
		{DC966E3D-BCFF-4652-98CF-070E5494749A}.Debug-Net45|Any CPU.ActiveCfg = Debug-Net45|Any CPU
		{DC966E3D-BCFF-4652-98CF-070E5494749A}.Debug-Net45|Any CPU.Build.0 = Debug-Net45|Any CPU
		{DC966E3D-BCFF-4652-98CF-070E5494749A}.Debug-Net462|Any CPU.ActiveCfg = Debug-Net462|Any CPU
		{DC966E3D-BCFF-4652-98CF-070E5494749A}.Debug-Net462|Any CPU.Build.0 = Debug-Net462|Any CPU
		{DC966E3D-BCFF-4652-98CF-070E5494749A}.Debug-Net47|Any CPU.ActiveCfg = Debug-Net47|Any CPU
		{DC966E3D-BCFF-4652-98CF-070E5494749A}.Debug-Net47|Any CPU.Build.0 = Debug-Net47|Any CPU
		{DC966E3D-BCFF-4652-98CF-070E5494749A}.Release-Net45|Any CPU.ActiveCfg = Release-Net47|Any CPU
		{DC966E3D-BCFF-4652-98CF-070E5494749A}.Release-Net45|Any CPU.Build.0 = Release-Net47|Any CPU
		{DC966E3D-BCFF-4652-98CF-070E5494749A}.Release-Net462|Any CPU.ActiveCfg = Release-Net462|Any CPU
		{DC966E3D-BCFF-4652-98CF-070E5494749A}.Release-Net462|Any CPU.Build.0 = Release-Net462|Any CPU
		{DC966E3D-BCFF-4652-98CF-070E5494749A}.Release-Net47|Any CPU.ActiveCfg = Release-Net47|Any CPU
		{DC966E3D-BCFF-4652-98CF-070E5494749A}.Release-Net47|Any CPU.Build.0 = Release-Net47|Any CPU
		{9A7B52E6-94BB-4E7E-BB6A-7CF6761B79A7}.Debug-Net45|Any CPU.ActiveCfg = Debug|Any CPU
		{9A7B52E6-94BB-4E7E-BB6A-7CF6761B79A7}.Debug-Net45|Any CPU.Build.0 = Debug|Any CPU
		{9A7B52E6-94BB-4E7E-BB6A-7CF6761B79A7}.Debug-Net462|Any CPU.ActiveCfg = Debug|Any CPU
		{9A7B52E6-94BB-4E7E-BB6A-7CF6761B79A7}.Debug-Net462|Any CPU.Build.0 = Debug|Any CPU
		{9A7B52E6-94BB-4E7E-BB6A-7CF6761B79A7}.Debug-Net47|Any CPU.ActiveCfg = Debug-Net47|Any CPU
		{9A7B52E6-94BB-4E7E-BB6A-7CF6761B79A7}.Debug-Net47|Any CPU.Build.0 = Debug-Net47|Any CPU
		{9A7B52E6-94BB-4E7E-BB6A-7CF6761B79A7}.Release-Net45|Any CPU.ActiveCfg = Release|Any CPU
		{9A7B52E6-94BB-4E7E-BB6A-7CF6761B79A7}.Release-Net45|Any CPU.Build.0 = Release|Any CPU
		{9A7B52E6-94BB-4E7E-BB6A-7CF6761B79A7}.Release-Net462|Any CPU.ActiveCfg = Release|Any CPU
		{9A7B52E6-94BB-4E7E-BB6A-7CF6761B79A7}.Release-Net462|Any CPU.Build.0 = Release|Any CPU
		{9A7B52E6-94BB-4E7E-BB6A-7CF6761B79A7}.Release-Net47|Any CPU.ActiveCfg = Release-Net47|Any CPU
		{9A7B52E6-94BB-4E7E-BB6A-7CF6761B79A7}.Release-Net47|Any CPU.Build.0 = Release-Net47|Any CPU
	EndGlobalSection
	GlobalSection(SolutionProperties) = preSolution
		HideSolutionNode = FALSE
	EndGlobalSection
	GlobalSection(ExtensibilityGlobals) = postSolution
		SolutionGuid = {3B28FE22-B7B9-4058-9EF9-936C53C986CA}
	EndGlobalSection
EndGlobal
