
Microsoft Visual Studio Solution File, Format Version 12.00
# Visual Studio Version 16
VisualStudioVersion = 16.0.28803.352
MinimumVisualStudioVersion = 10.0.40219.1
Project("{FAE04EC0-301F-11D3-BF4B-00C04F79EFBC}") = "HandyControl_VS2019", "HandyControl_VS2019\HandyControl_VS2019.csproj", "{3F0F7B9E-C150-4FAA-9274-4F6F0A96B8CA}"
EndProject
Project("{FAE04EC0-301F-11D3-BF4B-00C04F79EFBC}") = "WpfApp", "WpfApp\WpfApp.csproj", "{83C70EB1-3A3F-4812-B86C-C7D1936699EB}"
EndProject
Project("{FAE04EC0-301F-11D3-BF4B-00C04F79EFBC}") = "WpfCoreApp", "WpfCoreApp\WpfCoreApp.csproj", "{2F6E9FB8-F579-40CF-A151-57F281F08E1B}"
EndProject
Project("{2150E333-8FDC-42A3-9474-1A3956D46DE8}") = "Project Templates", "Project Templates", "{26BC7FA1-50F7-46C7-84FE-0D8ABAC47E07}"
EndProject
Global
	GlobalSection(SolutionConfigurationPlatforms) = preSolution
		Debug|Any CPU = Debug|Any CPU
		Release|Any CPU = Release|Any CPU
	EndGlobalSection
	GlobalSection(ProjectConfigurationPlatforms) = postSolution
		{3F0F7B9E-C150-4FAA-9274-4F6F0A96B8CA}.Debug|Any CPU.ActiveCfg = Debug|Any CPU
		{3F0F7B9E-C150-4FAA-9274-4F6F0A96B8CA}.Debug|Any CPU.Build.0 = Debug|Any CPU
		{3F0F7B9E-C150-4FAA-9274-4F6F0A96B8CA}.Release|Any CPU.ActiveCfg = Release|Any CPU
		{3F0F7B9E-C150-4FAA-9274-4F6F0A96B8CA}.Release|Any CPU.Build.0 = Release|Any CPU
		{83C70EB1-3A3F-4812-B86C-C7D1936699EB}.Debug|Any CPU.ActiveCfg = Debug|Any CPU
		{83C70EB1-3A3F-4812-B86C-C7D1936699EB}.Debug|Any CPU.Build.0 = Debug|Any CPU
		{83C70EB1-3A3F-4812-B86C-C7D1936699EB}.Release|Any CPU.ActiveCfg = Release|Any CPU
		{83C70EB1-3A3F-4812-B86C-C7D1936699EB}.Release|Any CPU.Build.0 = Release|Any CPU
		{2F6E9FB8-F579-40CF-A151-57F281F08E1B}.Debug|Any CPU.ActiveCfg = Debug|Any CPU
		{2F6E9FB8-F579-40CF-A151-57F281F08E1B}.Debug|Any CPU.Build.0 = Debug|Any CPU
		{2F6E9FB8-F579-40CF-A151-57F281F08E1B}.Release|Any CPU.ActiveCfg = Release|Any CPU
		{2F6E9FB8-F579-40CF-A151-57F281F08E1B}.Release|Any CPU.Build.0 = Release|Any CPU
	EndGlobalSection
	GlobalSection(SolutionProperties) = preSolution
		HideSolutionNode = FALSE
	EndGlobalSection
	GlobalSection(NestedProjects) = preSolution
		{83C70EB1-3A3F-4812-B86C-C7D1936699EB} = {26BC7FA1-50F7-46C7-84FE-0D8ABAC47E07}
		{2F6E9FB8-F579-40CF-A151-57F281F08E1B} = {26BC7FA1-50F7-46C7-84FE-0D8ABAC47E07}
	EndGlobalSection
	GlobalSection(ExtensibilityGlobals) = postSolution
		SolutionGuid = {A7F567D2-5FA3-4E17-A8A8-CDAFC217BFF5}
	EndGlobalSection
EndGlobal
