
Microsoft Visual Studio Solution File, Format Version 12.00
# Visual Studio Version 17
VisualStudioVersion = 17.1.32228.430
MinimumVisualStudioVersion = 10.0.40219.1
Project("{9A19103F-16F7-4668-BE54-9A1E7A4F7556}") = "HandyControl_Net_GE45", "Net_GE45\HandyControl_Net_GE45\HandyControl_Net_GE45.csproj", "{DC966E3D-BCFF-4652-98CF-070E5494749A}"
EndProject
Project("{9A19103F-16F7-4668-BE54-9A1E7A4F7556}") = "HandyControlDemo_Net_GE45", "Net_GE45\HandyControlDemo_Net_GE45\HandyControlDemo_Net_GE45.csproj", "{9A7B52E6-94BB-4E7E-BB6A-7CF6761B79A7}"
EndProject
Project("{2150E333-8FDC-42A3-9474-1A3956D46DE8}") = "Net_GE45", "Net_GE45", "{2F551C62-77F7-4FA5-8AD7-FCF53E92AE08}"
EndProject
Project("{2150E333-8FDC-42A3-9474-1A3956D46DE8}") = "Shared", "Shared", "{0938270D-E9F0-489B-AF9E-5C5AD7C69897}"
EndProject
Project("{D954291E-2A0B-460D-934E-DC6B0785DB48}") = "HandyControl_Shared", "Shared\HandyControl_Shared\HandyControl_Shared.shproj", "{AAC11083-FACA-405D-9197-5C1212D65656}"
EndProject
Project("{D954291E-2A0B-460D-934E-DC6B0785DB48}") = "HandyControlDemo_Shared", "Shared\HandyControlDemo_Shared\HandyControlDemo_Shared.shproj", "{C4694269-C9B8-45D5-87F8-D0088C532510}"
EndProject
Project("{2150E333-8FDC-42A3-9474-1A3956D46DE8}") = "Net_40", "Net_40", "{35E3F9C0-8924-4536-BE09-F3761FDBF066}"
EndProject
Project("{9A19103F-16F7-4668-BE54-9A1E7A4F7556}") = "HandyControl_Net_40", "Net_40\HandyControl_Net_40\HandyControl_Net_40.csproj", "{32204503-2EF0-4681-AE13-AA1FEB6C658A}"
EndProject
Project("{9A19103F-16F7-4668-BE54-9A1E7A4F7556}") = "HandyControlDemo_Net_40", "Net_40\HandyControlDemo_Net_40\HandyControlDemo_Net_40.csproj", "{D8AE88F8-C36B-4D10-A7F9-22FFCFBA5231}"
EndProject
Project("{9A19103F-16F7-4668-BE54-9A1E7A4F7556}") = "HandyControlDemo_Code", "Shared\HandyControlDemo_Code\HandyControlDemo_Code.csproj", "{D8A4748C-0500-4F63-BC47-3506658C68F7}"
EndProject
Project("{D954291E-2A0B-460D-934E-DC6B0785DB48}") = "Microsoft.Windows.Shell", "Shared\Microsoft.Windows.Shell\Microsoft.Windows.Shell.shproj", "{BBE51380-8B21-49FF-9CFC-B29447A40999}"
EndProject
Project("{2150E333-8FDC-42A3-9474-1A3956D46DE8}") = "Solution Items", "Solution Items", "{7F52CFD3-EF6C-4D3C-A9D4-B25BF726382A}"
	ProjectSection(SolutionItems) = preProject
		Directory.Build.Props = Directory.Build.Props
	EndProjectSection
EndProject
Project("{D954291E-2A0B-460D-934E-DC6B0785DB48}") = "Microsoft.Expression.Drawing", "Shared\Microsoft.Expression.Drawing\Microsoft.Expression.Drawing.shproj", "{E5DC7C25-6293-4660-B5FB-186496386B90}"
EndProject
Project("{D954291E-2A0B-460D-934E-DC6B0785DB48}") = "System.Windows.Interactivity", "Shared\System.Windows.Interactivity\System.Windows.Interactivity.shproj", "{6F0C9CFF-2269-46A7-9664-478354C582A4}"
EndProject
Project("{D954291E-2A0B-460D-934E-DC6B0785DB48}") = "Microsoft.Expression.Interactions", "Shared\Microsoft.Expression.Interactions\Microsoft.Expression.Interactions.shproj", "{3531857C-28FC-4E0F-82D9-BFBB70740E04}"
EndProject
Project("{2150E333-8FDC-42A3-9474-1A3956D46DE8}") = "Avalonia", "Avalonia", "{A490C3E9-0CC2-46EE-BE9A-95D3DCBF211D}"
	ProjectSection(SolutionItems) = preProject
		Avalonia\.editorconfig = Avalonia\.editorconfig
		Avalonia\Directory.Build.props = Avalonia\Directory.Build.props
	EndProjectSection
EndProject
Project("{9A19103F-16F7-4668-BE54-9A1E7A4F7556}") = "HandyControl_Avalonia", "Avalonia\HandyControl_Avalonia\HandyControl_Avalonia.csproj", "{34D39209-C744-41AA-91D6-C15C68E2A1D9}"
EndProject
Project("{9A19103F-16F7-4668-BE54-9A1E7A4F7556}") = "HandyControlDemo_Avalonia", "Avalonia\HandyControlDemo_Avalonia\HandyControlDemo_Avalonia.csproj", "{99CCAF7C-F9A1-4C54-A5F0-B231E7F7AE66}"
EndProject
Global
	GlobalSection(SolutionConfigurationPlatforms) = preSolution
		Debug-Avalonia|Any CPU = Debug-Avalonia|Any CPU
		Debug-Net40|Any CPU = Debug-Net40|Any CPU
		Debug-Net-GE45|Any CPU = Debug-Net-GE45|Any CPU
		Release-Avalonia|Any CPU = Release-Avalonia|Any CPU
		Release-Net40|Any CPU = Release-Net40|Any CPU
		Release-Net-GE45|Any CPU = Release-Net-GE45|Any CPU
	EndGlobalSection
	GlobalSection(ProjectConfigurationPlatforms) = postSolution
		{DC966E3D-BCFF-4652-98CF-070E5494749A}.Debug-Avalonia|Any CPU.ActiveCfg = Debug|Any CPU
		{DC966E3D-BCFF-4652-98CF-070E5494749A}.Debug-Net40|Any CPU.ActiveCfg = Debug|Any CPU
		{DC966E3D-BCFF-4652-98CF-070E5494749A}.Debug-Net-GE45|Any CPU.ActiveCfg = Debug|Any CPU
		{DC966E3D-BCFF-4652-98CF-070E5494749A}.Debug-Net-GE45|Any CPU.Build.0 = Debug|Any CPU
		{DC966E3D-BCFF-4652-98CF-070E5494749A}.Release-Avalonia|Any CPU.ActiveCfg = Release|Any CPU
		{DC966E3D-BCFF-4652-98CF-070E5494749A}.Release-Net40|Any CPU.ActiveCfg = Release|Any CPU
		{DC966E3D-BCFF-4652-98CF-070E5494749A}.Release-Net-GE45|Any CPU.ActiveCfg = Release|Any CPU
		{DC966E3D-BCFF-4652-98CF-070E5494749A}.Release-Net-GE45|Any CPU.Build.0 = Release|Any CPU
		{9A7B52E6-94BB-4E7E-BB6A-7CF6761B79A7}.Debug-Avalonia|Any CPU.ActiveCfg = Debug|Any CPU
		{9A7B52E6-94BB-4E7E-BB6A-7CF6761B79A7}.Debug-Net40|Any CPU.ActiveCfg = Debug|Any CPU
		{9A7B52E6-94BB-4E7E-BB6A-7CF6761B79A7}.Debug-Net-GE45|Any CPU.ActiveCfg = Debug|Any CPU
		{9A7B52E6-94BB-4E7E-BB6A-7CF6761B79A7}.Debug-Net-GE45|Any CPU.Build.0 = Debug|Any CPU
		{9A7B52E6-94BB-4E7E-BB6A-7CF6761B79A7}.Release-Avalonia|Any CPU.ActiveCfg = Release|Any CPU
		{9A7B52E6-94BB-4E7E-BB6A-7CF6761B79A7}.Release-Net40|Any CPU.ActiveCfg = Release|Any CPU
		{9A7B52E6-94BB-4E7E-BB6A-7CF6761B79A7}.Release-Net-GE45|Any CPU.ActiveCfg = Release|Any CPU
		{9A7B52E6-94BB-4E7E-BB6A-7CF6761B79A7}.Release-Net-GE45|Any CPU.Build.0 = Release|Any CPU
		{32204503-2EF0-4681-AE13-AA1FEB6C658A}.Debug-Avalonia|Any CPU.ActiveCfg = Debug|Any CPU
		{32204503-2EF0-4681-AE13-AA1FEB6C658A}.Debug-Net40|Any CPU.ActiveCfg = Debug|Any CPU
		{32204503-2EF0-4681-AE13-AA1FEB6C658A}.Debug-Net40|Any CPU.Build.0 = Debug|Any CPU
		{32204503-2EF0-4681-AE13-AA1FEB6C658A}.Debug-Net-GE45|Any CPU.ActiveCfg = Debug|Any CPU
		{32204503-2EF0-4681-AE13-AA1FEB6C658A}.Release-Avalonia|Any CPU.ActiveCfg = Release|Any CPU
		{32204503-2EF0-4681-AE13-AA1FEB6C658A}.Release-Net40|Any CPU.ActiveCfg = Release|Any CPU
		{32204503-2EF0-4681-AE13-AA1FEB6C658A}.Release-Net40|Any CPU.Build.0 = Release|Any CPU
		{32204503-2EF0-4681-AE13-AA1FEB6C658A}.Release-Net-GE45|Any CPU.ActiveCfg = Release|Any CPU
		{D8AE88F8-C36B-4D10-A7F9-22FFCFBA5231}.Debug-Avalonia|Any CPU.ActiveCfg = Debug|Any CPU
		{D8AE88F8-C36B-4D10-A7F9-22FFCFBA5231}.Debug-Net40|Any CPU.ActiveCfg = Debug|Any CPU
		{D8AE88F8-C36B-4D10-A7F9-22FFCFBA5231}.Debug-Net40|Any CPU.Build.0 = Debug|Any CPU
		{D8AE88F8-C36B-4D10-A7F9-22FFCFBA5231}.Debug-Net-GE45|Any CPU.ActiveCfg = Debug|Any CPU
		{D8AE88F8-C36B-4D10-A7F9-22FFCFBA5231}.Release-Avalonia|Any CPU.ActiveCfg = Release|Any CPU
		{D8AE88F8-C36B-4D10-A7F9-22FFCFBA5231}.Release-Net40|Any CPU.ActiveCfg = Release|Any CPU
		{D8AE88F8-C36B-4D10-A7F9-22FFCFBA5231}.Release-Net40|Any CPU.Build.0 = Release|Any CPU
		{D8AE88F8-C36B-4D10-A7F9-22FFCFBA5231}.Release-Net-GE45|Any CPU.ActiveCfg = Release|Any CPU
		{D8A4748C-0500-4F63-BC47-3506658C68F7}.Debug-Avalonia|Any CPU.ActiveCfg = Debug|Any CPU
		{D8A4748C-0500-4F63-BC47-3506658C68F7}.Debug-Net40|Any CPU.ActiveCfg = Debug|Any CPU
		{D8A4748C-0500-4F63-BC47-3506658C68F7}.Debug-Net40|Any CPU.Build.0 = Debug|Any CPU
		{D8A4748C-0500-4F63-BC47-3506658C68F7}.Debug-Net-GE45|Any CPU.ActiveCfg = Debug|Any CPU
		{D8A4748C-0500-4F63-BC47-3506658C68F7}.Debug-Net-GE45|Any CPU.Build.0 = Debug|Any CPU
		{D8A4748C-0500-4F63-BC47-3506658C68F7}.Release-Avalonia|Any CPU.ActiveCfg = Release|Any CPU
		{D8A4748C-0500-4F63-BC47-3506658C68F7}.Release-Net40|Any CPU.ActiveCfg = Release|Any CPU
		{D8A4748C-0500-4F63-BC47-3506658C68F7}.Release-Net40|Any CPU.Build.0 = Release|Any CPU
		{D8A4748C-0500-4F63-BC47-3506658C68F7}.Release-Net-GE45|Any CPU.ActiveCfg = Release|Any CPU
		{D8A4748C-0500-4F63-BC47-3506658C68F7}.Release-Net-GE45|Any CPU.Build.0 = Release|Any CPU
		{34D39209-C744-41AA-91D6-C15C68E2A1D9}.Debug-Avalonia|Any CPU.ActiveCfg = Debug|Any CPU
		{34D39209-C744-41AA-91D6-C15C68E2A1D9}.Debug-Avalonia|Any CPU.Build.0 = Debug|Any CPU
		{34D39209-C744-41AA-91D6-C15C68E2A1D9}.Debug-Net40|Any CPU.ActiveCfg = Debug|Any CPU
		{34D39209-C744-41AA-91D6-C15C68E2A1D9}.Debug-Net-GE45|Any CPU.ActiveCfg = Debug|Any CPU
		{34D39209-C744-41AA-91D6-C15C68E2A1D9}.Release-Avalonia|Any CPU.ActiveCfg = Release|Any CPU
		{34D39209-C744-41AA-91D6-C15C68E2A1D9}.Release-Avalonia|Any CPU.Build.0 = Release|Any CPU
		{34D39209-C744-41AA-91D6-C15C68E2A1D9}.Release-Net40|Any CPU.ActiveCfg = Release|Any CPU
		{34D39209-C744-41AA-91D6-C15C68E2A1D9}.Release-Net-GE45|Any CPU.ActiveCfg = Release|Any CPU
		{99CCAF7C-F9A1-4C54-A5F0-B231E7F7AE66}.Debug-Avalonia|Any CPU.ActiveCfg = Debug|Any CPU
		{99CCAF7C-F9A1-4C54-A5F0-B231E7F7AE66}.Debug-Avalonia|Any CPU.Build.0 = Debug|Any CPU
		{99CCAF7C-F9A1-4C54-A5F0-B231E7F7AE66}.Debug-Net40|Any CPU.ActiveCfg = Debug|Any CPU
		{99CCAF7C-F9A1-4C54-A5F0-B231E7F7AE66}.Debug-Net-GE45|Any CPU.ActiveCfg = Debug|Any CPU
		{99CCAF7C-F9A1-4C54-A5F0-B231E7F7AE66}.Release-Avalonia|Any CPU.ActiveCfg = Release|Any CPU
		{99CCAF7C-F9A1-4C54-A5F0-B231E7F7AE66}.Release-Avalonia|Any CPU.Build.0 = Release|Any CPU
		{99CCAF7C-F9A1-4C54-A5F0-B231E7F7AE66}.Release-Net40|Any CPU.ActiveCfg = Release|Any CPU
		{99CCAF7C-F9A1-4C54-A5F0-B231E7F7AE66}.Release-Net-GE45|Any CPU.ActiveCfg = Release|Any CPU
	EndGlobalSection
	GlobalSection(SolutionProperties) = preSolution
		HideSolutionNode = FALSE
	EndGlobalSection
	GlobalSection(NestedProjects) = preSolution
		{DC966E3D-BCFF-4652-98CF-070E5494749A} = {2F551C62-77F7-4FA5-8AD7-FCF53E92AE08}
		{9A7B52E6-94BB-4E7E-BB6A-7CF6761B79A7} = {2F551C62-77F7-4FA5-8AD7-FCF53E92AE08}
		{AAC11083-FACA-405D-9197-5C1212D65656} = {0938270D-E9F0-489B-AF9E-5C5AD7C69897}
		{C4694269-C9B8-45D5-87F8-D0088C532510} = {0938270D-E9F0-489B-AF9E-5C5AD7C69897}
		{32204503-2EF0-4681-AE13-AA1FEB6C658A} = {35E3F9C0-8924-4536-BE09-F3761FDBF066}
		{D8AE88F8-C36B-4D10-A7F9-22FFCFBA5231} = {35E3F9C0-8924-4536-BE09-F3761FDBF066}
		{D8A4748C-0500-4F63-BC47-3506658C68F7} = {0938270D-E9F0-489B-AF9E-5C5AD7C69897}
		{BBE51380-8B21-49FF-9CFC-B29447A40999} = {0938270D-E9F0-489B-AF9E-5C5AD7C69897}
		{E5DC7C25-6293-4660-B5FB-186496386B90} = {0938270D-E9F0-489B-AF9E-5C5AD7C69897}
		{6F0C9CFF-2269-46A7-9664-478354C582A4} = {0938270D-E9F0-489B-AF9E-5C5AD7C69897}
		{3531857C-28FC-4E0F-82D9-BFBB70740E04} = {0938270D-E9F0-489B-AF9E-5C5AD7C69897}
		{34D39209-C744-41AA-91D6-C15C68E2A1D9} = {A490C3E9-0CC2-46EE-BE9A-95D3DCBF211D}
		{99CCAF7C-F9A1-4C54-A5F0-B231E7F7AE66} = {A490C3E9-0CC2-46EE-BE9A-95D3DCBF211D}
	EndGlobalSection
	GlobalSection(ExtensibilityGlobals) = postSolution
		SolutionGuid = {D4636382-1A18-4079-A3E7-054DD970F179}
	EndGlobalSection
	GlobalSection(SharedMSBuildProjectFiles) = preSolution
		Shared\HandyControl_Shared\HandyControl_Shared.projitems*{32204503-2ef0-4681-ae13-aa1feb6c658a}*SharedItemsImports = 5
		Shared\Microsoft.Expression.Drawing\Microsoft.Expression.Drawing.projitems*{32204503-2ef0-4681-ae13-aa1feb6c658a}*SharedItemsImports = 5
		Shared\Microsoft.Expression.Interactions\Microsoft.Expression.Interactions.projitems*{32204503-2ef0-4681-ae13-aa1feb6c658a}*SharedItemsImports = 5
		Shared\Microsoft.Windows.Shell\Microsoft.Windows.Shell.projitems*{32204503-2ef0-4681-ae13-aa1feb6c658a}*SharedItemsImports = 5
		Shared\System.Windows.Interactivity\System.Windows.Interactivity.projitems*{32204503-2ef0-4681-ae13-aa1feb6c658a}*SharedItemsImports = 5
		Shared\Microsoft.Expression.Interactions\Microsoft.Expression.Interactions.projitems*{3531857c-28fc-4e0f-82d9-bfbb70740e04}*SharedItemsImports = 13
		Shared\System.Windows.Interactivity\System.Windows.Interactivity.projitems*{6f0c9cff-2269-46a7-9664-478354c582a4}*SharedItemsImports = 13
		Shared\HandyControlDemo_Shared\HandyControlDemo_Shared.projitems*{9a7b52e6-94bb-4e7e-bb6a-7cf6761b79a7}*SharedItemsImports = 5
		Shared\HandyControl_Shared\HandyControl_Shared.projitems*{aac11083-faca-405d-9197-5c1212d65656}*SharedItemsImports = 13
		Shared\Microsoft.Windows.Shell\Microsoft.Windows.Shell.projitems*{bbe51380-8b21-49ff-9cfc-b29447a40999}*SharedItemsImports = 13
		Shared\HandyControlDemo_Shared\HandyControlDemo_Shared.projitems*{c4694269-c9b8-45d5-87f8-d0088c532510}*SharedItemsImports = 13
		Shared\HandyControlDemo_Shared\HandyControlDemo_Shared.projitems*{d8ae88f8-c36b-4d10-a7f9-22ffcfba5231}*SharedItemsImports = 5
		Shared\HandyControl_Shared\HandyControl_Shared.projitems*{dc966e3d-bcff-4652-98cf-070e5494749a}*SharedItemsImports = 5
		Shared\Microsoft.Expression.Drawing\Microsoft.Expression.Drawing.projitems*{dc966e3d-bcff-4652-98cf-070e5494749a}*SharedItemsImports = 5
		Shared\Microsoft.Expression.Interactions\Microsoft.Expression.Interactions.projitems*{dc966e3d-bcff-4652-98cf-070e5494749a}*SharedItemsImports = 5
		Shared\System.Windows.Interactivity\System.Windows.Interactivity.projitems*{dc966e3d-bcff-4652-98cf-070e5494749a}*SharedItemsImports = 5
		Shared\Microsoft.Expression.Drawing\Microsoft.Expression.Drawing.projitems*{e5dc7c25-6293-4660-b5fb-186496386b90}*SharedItemsImports = 13
	EndGlobalSection
EndGlobal
