
Microsoft Visual Studio Solution File, Format Version 12.00
# Visual Studio Version 16
VisualStudioVersion = 16.0.28729.10
MinimumVisualStudioVersion = 10.0.40219.1
Project("{2150E333-8FDC-42A3-9474-1A3956D46DE8}") = "Shared", "Shared", "{60DCDCCA-3902-49EB-BC24-488143BE832E}"
EndProject
Project("{D954291E-2A0B-460D-934E-DC6B0785DB48}") = "HandyControl_Shared", "Shared\HandyControl_Shared\HandyControl_Shared.shproj", "{AAC11083-FACA-405D-9197-5C1212D65656}"
EndProject
Project("{D954291E-2A0B-460D-934E-DC6B0785DB48}") = "HandyControlDemo_Shared", "Shared\HandyControlDemo_Shared\HandyControlDemo_Shared.shproj", "{C4694269-C9B8-45D5-87F8-D0088C532510}"
EndProject
Project("{2150E333-8FDC-42A3-9474-1A3956D46DE8}") = "Core_GE30", "Core_GE30", "{7BB7D82E-48B1-4673-91B6-37D563A0A624}"
EndProject
Project("{9A19103F-16F7-4668-BE54-9A1E7A4F7556}") = "HandyControl_Core_GE30", "Core_GE30\HandyControl_Core_GE30\HandyControl_Core_GE30.csproj", "{A85722CF-CDF4-4164-94E4-EB71E543361A}"
EndProject
Project("{9A19103F-16F7-4668-BE54-9A1E7A4F7556}") = "HandyControlDemo_Core_GE30", "Core_GE30\HandyControlDemo_Core_GE30\HandyControlDemo_Core_GE30.csproj", "{BF712555-531A-4C8D-9AB5-3109DC178A8E}"
EndProject
Project("{FAE04EC0-301F-11D3-BF4B-00C04F79EFBC}") = "HandyControlDemo_Code", "Shared\HandyControlDemo_Code\HandyControlDemo_Code.csproj", "{D8A4748C-0500-4F63-BC47-3506658C68F7}"
EndProject
Global
	GlobalSection(SharedMSBuildProjectFiles) = preSolution
		Shared\HandyControl_Shared\HandyControl_Shared.projitems*{aac11083-faca-405d-9197-5c1212d65656}*SharedItemsImports = 13
		Shared\HandyControlDemo_Shared\HandyControlDemo_Shared.projitems*{c4694269-c9b8-45d5-87f8-d0088c532510}*SharedItemsImports = 13
	EndGlobalSection
	GlobalSection(SolutionConfigurationPlatforms) = preSolution
		Debug|Any CPU = Debug|Any CPU
		Release|Any CPU = Release|Any CPU
	EndGlobalSection
	GlobalSection(ProjectConfigurationPlatforms) = postSolution
		{A85722CF-CDF4-4164-94E4-EB71E543361A}.Debug|Any CPU.ActiveCfg = Debug|Any CPU
		{A85722CF-CDF4-4164-94E4-EB71E543361A}.Debug|Any CPU.Build.0 = Debug|Any CPU
		{A85722CF-CDF4-4164-94E4-EB71E543361A}.Release|Any CPU.ActiveCfg = Release|Any CPU
		{A85722CF-CDF4-4164-94E4-EB71E543361A}.Release|Any CPU.Build.0 = Release|Any CPU
		{BF712555-531A-4C8D-9AB5-3109DC178A8E}.Debug|Any CPU.ActiveCfg = Debug|Any CPU
		{BF712555-531A-4C8D-9AB5-3109DC178A8E}.Debug|Any CPU.Build.0 = Debug|Any CPU
		{BF712555-531A-4C8D-9AB5-3109DC178A8E}.Release|Any CPU.ActiveCfg = Release|Any CPU
		{BF712555-531A-4C8D-9AB5-3109DC178A8E}.Release|Any CPU.Build.0 = Release|Any CPU
		{D8A4748C-0500-4F63-BC47-3506658C68F7}.Debug|Any CPU.ActiveCfg = Debug-Net48|Any CPU
		{D8A4748C-0500-4F63-BC47-3506658C68F7}.Debug|Any CPU.Build.0 = Debug-Net48|Any CPU
		{D8A4748C-0500-4F63-BC47-3506658C68F7}.Release|Any CPU.ActiveCfg = Release-Net48|Any CPU
		{D8A4748C-0500-4F63-BC47-3506658C68F7}.Release|Any CPU.Build.0 = Release-Net48|Any CPU
	EndGlobalSection
	GlobalSection(SolutionProperties) = preSolution
		HideSolutionNode = FALSE
	EndGlobalSection
	GlobalSection(NestedProjects) = preSolution
		{AAC11083-FACA-405D-9197-5C1212D65656} = {60DCDCCA-3902-49EB-BC24-488143BE832E}
		{C4694269-C9B8-45D5-87F8-D0088C532510} = {60DCDCCA-3902-49EB-BC24-488143BE832E}
		{A85722CF-CDF4-4164-94E4-EB71E543361A} = {7BB7D82E-48B1-4673-91B6-37D563A0A624}
		{BF712555-531A-4C8D-9AB5-3109DC178A8E} = {7BB7D82E-48B1-4673-91B6-37D563A0A624}
		{D8A4748C-0500-4F63-BC47-3506658C68F7} = {60DCDCCA-3902-49EB-BC24-488143BE832E}
	EndGlobalSection
	GlobalSection(ExtensibilityGlobals) = postSolution
		SolutionGuid = {6C8B9B9F-B396-4C31-BA28-11BCB1ED94C5}
	EndGlobalSection
EndGlobal
