
Microsoft Visual Studio Solution File, Format Version 12.00
# Visual Studio Version 16
VisualStudioVersion = 16.0.28729.10
MinimumVisualStudioVersion = 10.0.40219.1
Project("{9A19103F-16F7-4668-BE54-9A1E7A4F7556}") = "HandyControl_Net_GE45", "Net_GE45\HandyControl_Net_GE45\HandyControl_Net_GE45.csproj", "{DC966E3D-BCFF-4652-98CF-070E5494749A}"
EndProject
Project("{2150E333-8FDC-42A3-9474-1A3956D46DE8}") = "Net_GE45", "Net_GE45", "{2F551C62-77F7-4FA5-8AD7-FCF53E92AE08}"
EndProject
Project("{2150E333-8FDC-42A3-9474-1A3956D46DE8}") = "Shared", "Shared", "{0938270D-E9F0-489B-AF9E-5C5AD7C69897}"
EndProject
Project("{D954291E-2A0B-460D-934E-DC6B0785DB48}") = "HandyControl_Shared", "Shared\HandyControl_Shared\HandyControl_Shared.shproj", "{AAC11083-FACA-405D-9197-5C1212D65656}"
EndProject
Project("{2150E333-8FDC-42A3-9474-1A3956D46DE8}") = "Net_40", "Net_40", "{35E3F9C0-8924-4536-BE09-F3761FDBF066}"
EndProject
Project("{9A19103F-16F7-4668-BE54-9A1E7A4F7556}") = "HandyControl_Net_40", "Net_40\HandyControl_Net_40\HandyControl_Net_40.csproj", "{32204503-2EF0-4681-AE13-AA1FEB6C658A}"
EndProject
Project("{9A19103F-16F7-4668-BE54-9A1E7A4F7556}") = "HandyControlDemo", "Shared\HandyControlDemo\HandyControlDemo.csproj", "{72AC977E-E2AB-422A-93FB-5194CDBA31D2}"
EndProject
Global
	GlobalSection(SharedMSBuildProjectFiles) = preSolution
		Shared\HandyControl_Shared\HandyControl_Shared.projitems*{aac11083-faca-405d-9197-5c1212d65656}*SharedItemsImports = 13
		Shared\HandyControl_Shared\HandyControl_Shared.projitems*{dc966e3d-bcff-4652-98cf-070e5494749a}*SharedItemsImports = 5
	EndGlobalSection
	GlobalSection(SolutionConfigurationPlatforms) = preSolution
		Debug|Any CPU = Debug|Any CPU
		Debug-Net40|Any CPU = Debug-Net40|Any CPU
		Release|Any CPU = Release|Any CPU
		Release-Net40|Any CPU = Release-Net40|Any CPU
	EndGlobalSection
	GlobalSection(ProjectConfigurationPlatforms) = postSolution
		{DC966E3D-BCFF-4652-98CF-070E5494749A}.Debug|Any CPU.ActiveCfg = Debug|Any CPU
		{DC966E3D-BCFF-4652-98CF-070E5494749A}.Debug|Any CPU.Build.0 = Debug|Any CPU
		{DC966E3D-BCFF-4652-98CF-070E5494749A}.Debug-Net40|Any CPU.ActiveCfg = Debug|Any CPU
		{DC966E3D-BCFF-4652-98CF-070E5494749A}.Release|Any CPU.ActiveCfg = Release|Any CPU
		{DC966E3D-BCFF-4652-98CF-070E5494749A}.Release|Any CPU.Build.0 = Release|Any CPU
		{DC966E3D-BCFF-4652-98CF-070E5494749A}.Release-Net40|Any CPU.ActiveCfg = Release|Any CPU
		{32204503-2EF0-4681-AE13-AA1FEB6C658A}.Debug|Any CPU.ActiveCfg = Debug|Any CPU
		{32204503-2EF0-4681-AE13-AA1FEB6C658A}.Debug-Net40|Any CPU.ActiveCfg = Debug|Any CPU
		{32204503-2EF0-4681-AE13-AA1FEB6C658A}.Debug-Net40|Any CPU.Build.0 = Debug|Any CPU
		{32204503-2EF0-4681-AE13-AA1FEB6C658A}.Release|Any CPU.ActiveCfg = Release|Any CPU
		{32204503-2EF0-4681-AE13-AA1FEB6C658A}.Release-Net40|Any CPU.ActiveCfg = Release|Any CPU
		{32204503-2EF0-4681-AE13-AA1FEB6C658A}.Release-Net40|Any CPU.Build.0 = Release|Any CPU
		{72AC977E-E2AB-422A-93FB-5194CDBA31D2}.Debug|Any CPU.ActiveCfg = Debug|Any CPU
		{72AC977E-E2AB-422A-93FB-5194CDBA31D2}.Debug|Any CPU.Build.0 = Debug|Any CPU
		{72AC977E-E2AB-422A-93FB-5194CDBA31D2}.Debug-Net40|Any CPU.ActiveCfg = Debug|Any CPU
		{72AC977E-E2AB-422A-93FB-5194CDBA31D2}.Debug-Net40|Any CPU.Build.0 = Debug|Any CPU
		{72AC977E-E2AB-422A-93FB-5194CDBA31D2}.Release|Any CPU.ActiveCfg = Release|Any CPU
		{72AC977E-E2AB-422A-93FB-5194CDBA31D2}.Release|Any CPU.Build.0 = Release|Any CPU
		{72AC977E-E2AB-422A-93FB-5194CDBA31D2}.Release-Net40|Any CPU.ActiveCfg = Release|Any CPU
		{72AC977E-E2AB-422A-93FB-5194CDBA31D2}.Release-Net40|Any CPU.Build.0 = Release|Any CPU
	EndGlobalSection
	GlobalSection(SolutionProperties) = preSolution
		HideSolutionNode = FALSE
	EndGlobalSection
	GlobalSection(NestedProjects) = preSolution
		{DC966E3D-BCFF-4652-98CF-070E5494749A} = {2F551C62-77F7-4FA5-8AD7-FCF53E92AE08}
		{AAC11083-FACA-405D-9197-5C1212D65656} = {0938270D-E9F0-489B-AF9E-5C5AD7C69897}
		{32204503-2EF0-4681-AE13-AA1FEB6C658A} = {35E3F9C0-8924-4536-BE09-F3761FDBF066}
		{72AC977E-E2AB-422A-93FB-5194CDBA31D2} = {2F551C62-77F7-4FA5-8AD7-FCF53E92AE08}
	EndGlobalSection
	GlobalSection(ExtensibilityGlobals) = postSolution
		SolutionGuid = {D4636382-1A18-4079-A3E7-054DD970F179}
	EndGlobalSection
EndGlobal
