
Microsoft Visual Studio Solution File, Format Version 12.00
# Visual Studio Version 16
VisualStudioVersion = 16.0.28729.10
MinimumVisualStudioVersion = 10.0.40219.1
Project("{FAE04EC0-301F-11D3-BF4B-00C04F79EFBC}") = "HandyControl_Net_GE45", "Net_GE45\HandyControl_Net_GE45\HandyControl_Net_GE45.csproj", "{DC966E3D-BCFF-4652-98CF-070E5494749A}"
EndProject
Project("{FAE04EC0-301F-11D3-BF4B-00C04F79EFBC}") = "HandyControlDemo_Net_GE45", "Net_GE45\HandyControlDemo_Net_GE45\HandyControlDemo_Net_GE45.csproj", "{9A7B52E6-94BB-4E7E-BB6A-7CF6761B79A7}"
EndProject
Project("{2150E333-8FDC-42A3-9474-1A3956D46DE8}") = "Net_GE45", "Net_GE45", "{2F551C62-77F7-4FA5-8AD7-FCF53E92AE08}"
EndProject
Project("{2150E333-8FDC-42A3-9474-1A3956D46DE8}") = "Shared", "Shared", "{0938270D-E9F0-489B-AF9E-5C5AD7C69897}"
EndProject
Project("{D954291E-2A0B-460D-934E-DC6B0785DB48}") = "HandyControl_Shared", "Shared\HandyControl_Shared\HandyControl_Shared.shproj", "{AAC11083-FACA-405D-9197-5C1212D65656}"
EndProject
Project("{D954291E-2A0B-460D-934E-DC6B0785DB48}") = "HandyControlDemo_Shared", "Shared\HandyControlDemo_Shared\HandyControlDemo_Shared.shproj", "{C4694269-C9B8-45D5-87F8-D0088C532510}"
EndProject
Project("{FAE04EC0-301F-11D3-BF4B-00C04F79EFBC}") = "HandyControlDemo_Code", "Shared\HandyControlDemo_Code\HandyControlDemo_Code.csproj", "{D8A4748C-0500-4F63-BC47-3506658C68F7}"
EndProject
Global
	GlobalSection(SharedMSBuildProjectFiles) = preSolution
		Shared\HandyControlDemo_Shared\HandyControlDemo_Shared.projitems*{9a7b52e6-94bb-4e7e-bb6a-7cf6761b79a7}*SharedItemsImports = 4
		Shared\HandyControl_Shared\HandyControl_Shared.projitems*{aac11083-faca-405d-9197-5c1212d65656}*SharedItemsImports = 13
		Shared\HandyControlDemo_Shared\HandyControlDemo_Shared.projitems*{c4694269-c9b8-45d5-87f8-d0088c532510}*SharedItemsImports = 13
		Shared\HandyControl_Shared\HandyControl_Shared.projitems*{dc966e3d-bcff-4652-98cf-070e5494749a}*SharedItemsImports = 4
	EndGlobalSection
	GlobalSection(SolutionConfigurationPlatforms) = preSolution
		Debug-Net45|Any CPU = Debug-Net45|Any CPU
		Debug-Net462|Any CPU = Debug-Net462|Any CPU
		Debug-Net47|Any CPU = Debug-Net47|Any CPU
		Debug-Net48|Any CPU = Debug-Net48|Any CPU
		Release-Net45|Any CPU = Release-Net45|Any CPU
		Release-Net462|Any CPU = Release-Net462|Any CPU
		Release-Net47|Any CPU = Release-Net47|Any CPU
		Release-Net48|Any CPU = Release-Net48|Any CPU
	EndGlobalSection
	GlobalSection(ProjectConfigurationPlatforms) = postSolution
		{DC966E3D-BCFF-4652-98CF-070E5494749A}.Debug-Net45|Any CPU.ActiveCfg = Debug-Net45|Any CPU
		{DC966E3D-BCFF-4652-98CF-070E5494749A}.Debug-Net45|Any CPU.Build.0 = Debug-Net45|Any CPU
		{DC966E3D-BCFF-4652-98CF-070E5494749A}.Debug-Net462|Any CPU.ActiveCfg = Debug-Net462|Any CPU
		{DC966E3D-BCFF-4652-98CF-070E5494749A}.Debug-Net462|Any CPU.Build.0 = Debug-Net462|Any CPU
		{DC966E3D-BCFF-4652-98CF-070E5494749A}.Debug-Net47|Any CPU.ActiveCfg = Debug-Net47|Any CPU
		{DC966E3D-BCFF-4652-98CF-070E5494749A}.Debug-Net47|Any CPU.Build.0 = Debug-Net47|Any CPU
		{DC966E3D-BCFF-4652-98CF-070E5494749A}.Debug-Net48|Any CPU.ActiveCfg = Debug-Net48|Any CPU
		{DC966E3D-BCFF-4652-98CF-070E5494749A}.Debug-Net48|Any CPU.Build.0 = Debug-Net48|Any CPU
		{DC966E3D-BCFF-4652-98CF-070E5494749A}.Release-Net45|Any CPU.ActiveCfg = Release-Net45|Any CPU
		{DC966E3D-BCFF-4652-98CF-070E5494749A}.Release-Net45|Any CPU.Build.0 = Release-Net45|Any CPU
		{DC966E3D-BCFF-4652-98CF-070E5494749A}.Release-Net462|Any CPU.ActiveCfg = Release-Net462|Any CPU
		{DC966E3D-BCFF-4652-98CF-070E5494749A}.Release-Net462|Any CPU.Build.0 = Release-Net462|Any CPU
		{DC966E3D-BCFF-4652-98CF-070E5494749A}.Release-Net47|Any CPU.ActiveCfg = Release-Net47|Any CPU
		{DC966E3D-BCFF-4652-98CF-070E5494749A}.Release-Net47|Any CPU.Build.0 = Release-Net47|Any CPU
		{DC966E3D-BCFF-4652-98CF-070E5494749A}.Release-Net48|Any CPU.ActiveCfg = Release-Net48|Any CPU
		{DC966E3D-BCFF-4652-98CF-070E5494749A}.Release-Net48|Any CPU.Build.0 = Release-Net48|Any CPU
		{9A7B52E6-94BB-4E7E-BB6A-7CF6761B79A7}.Debug-Net45|Any CPU.ActiveCfg = Debug-Net45|Any CPU
		{9A7B52E6-94BB-4E7E-BB6A-7CF6761B79A7}.Debug-Net45|Any CPU.Build.0 = Debug-Net45|Any CPU
		{9A7B52E6-94BB-4E7E-BB6A-7CF6761B79A7}.Debug-Net462|Any CPU.ActiveCfg = Debug-Net462|Any CPU
		{9A7B52E6-94BB-4E7E-BB6A-7CF6761B79A7}.Debug-Net462|Any CPU.Build.0 = Debug-Net462|Any CPU
		{9A7B52E6-94BB-4E7E-BB6A-7CF6761B79A7}.Debug-Net47|Any CPU.ActiveCfg = Debug-Net47|Any CPU
		{9A7B52E6-94BB-4E7E-BB6A-7CF6761B79A7}.Debug-Net47|Any CPU.Build.0 = Debug-Net47|Any CPU
		{9A7B52E6-94BB-4E7E-BB6A-7CF6761B79A7}.Debug-Net48|Any CPU.ActiveCfg = Debug-Net48|Any CPU
		{9A7B52E6-94BB-4E7E-BB6A-7CF6761B79A7}.Debug-Net48|Any CPU.Build.0 = Debug-Net48|Any CPU
		{9A7B52E6-94BB-4E7E-BB6A-7CF6761B79A7}.Release-Net45|Any CPU.ActiveCfg = Debug-Net45|Any CPU
		{9A7B52E6-94BB-4E7E-BB6A-7CF6761B79A7}.Release-Net45|Any CPU.Build.0 = Debug-Net45|Any CPU
		{9A7B52E6-94BB-4E7E-BB6A-7CF6761B79A7}.Release-Net462|Any CPU.ActiveCfg = Debug-Net462|Any CPU
		{9A7B52E6-94BB-4E7E-BB6A-7CF6761B79A7}.Release-Net462|Any CPU.Build.0 = Debug-Net462|Any CPU
		{9A7B52E6-94BB-4E7E-BB6A-7CF6761B79A7}.Release-Net47|Any CPU.ActiveCfg = Release-Net47|Any CPU
		{9A7B52E6-94BB-4E7E-BB6A-7CF6761B79A7}.Release-Net47|Any CPU.Build.0 = Release-Net47|Any CPU
		{9A7B52E6-94BB-4E7E-BB6A-7CF6761B79A7}.Release-Net48|Any CPU.ActiveCfg = Release-Net48|Any CPU
		{9A7B52E6-94BB-4E7E-BB6A-7CF6761B79A7}.Release-Net48|Any CPU.Build.0 = Release-Net48|Any CPU
		{D8A4748C-0500-4F63-BC47-3506658C68F7}.Debug-Net45|Any CPU.ActiveCfg = Debug-Net45|Any CPU
		{D8A4748C-0500-4F63-BC47-3506658C68F7}.Debug-Net45|Any CPU.Build.0 = Debug-Net45|Any CPU
		{D8A4748C-0500-4F63-BC47-3506658C68F7}.Debug-Net462|Any CPU.ActiveCfg = Debug-Net462|Any CPU
		{D8A4748C-0500-4F63-BC47-3506658C68F7}.Debug-Net462|Any CPU.Build.0 = Debug-Net462|Any CPU
		{D8A4748C-0500-4F63-BC47-3506658C68F7}.Debug-Net47|Any CPU.ActiveCfg = Debug-Net47|Any CPU
		{D8A4748C-0500-4F63-BC47-3506658C68F7}.Debug-Net47|Any CPU.Build.0 = Debug-Net47|Any CPU
		{D8A4748C-0500-4F63-BC47-3506658C68F7}.Debug-Net48|Any CPU.ActiveCfg = Debug-Net48|Any CPU
		{D8A4748C-0500-4F63-BC47-3506658C68F7}.Debug-Net48|Any CPU.Build.0 = Debug-Net48|Any CPU
		{D8A4748C-0500-4F63-BC47-3506658C68F7}.Release-Net45|Any CPU.ActiveCfg = Release-Net45|Any CPU
		{D8A4748C-0500-4F63-BC47-3506658C68F7}.Release-Net45|Any CPU.Build.0 = Release-Net45|Any CPU
		{D8A4748C-0500-4F63-BC47-3506658C68F7}.Release-Net462|Any CPU.ActiveCfg = Release-Net462|Any CPU
		{D8A4748C-0500-4F63-BC47-3506658C68F7}.Release-Net462|Any CPU.Build.0 = Release-Net462|Any CPU
		{D8A4748C-0500-4F63-BC47-3506658C68F7}.Release-Net47|Any CPU.ActiveCfg = Release-Net47|Any CPU
		{D8A4748C-0500-4F63-BC47-3506658C68F7}.Release-Net47|Any CPU.Build.0 = Release-Net47|Any CPU
		{D8A4748C-0500-4F63-BC47-3506658C68F7}.Release-Net48|Any CPU.ActiveCfg = Release-Net48|Any CPU
		{D8A4748C-0500-4F63-BC47-3506658C68F7}.Release-Net48|Any CPU.Build.0 = Release-Net48|Any CPU
	EndGlobalSection
	GlobalSection(SolutionProperties) = preSolution
		HideSolutionNode = FALSE
	EndGlobalSection
	GlobalSection(NestedProjects) = preSolution
		{DC966E3D-BCFF-4652-98CF-070E5494749A} = {2F551C62-77F7-4FA5-8AD7-FCF53E92AE08}
		{9A7B52E6-94BB-4E7E-BB6A-7CF6761B79A7} = {2F551C62-77F7-4FA5-8AD7-FCF53E92AE08}
		{AAC11083-FACA-405D-9197-5C1212D65656} = {0938270D-E9F0-489B-AF9E-5C5AD7C69897}
		{C4694269-C9B8-45D5-87F8-D0088C532510} = {0938270D-E9F0-489B-AF9E-5C5AD7C69897}
		{D8A4748C-0500-4F63-BC47-3506658C68F7} = {0938270D-E9F0-489B-AF9E-5C5AD7C69897}
	EndGlobalSection
	GlobalSection(ExtensibilityGlobals) = postSolution
		SolutionGuid = {D4636382-1A18-4079-A3E7-054DD970F179}
	EndGlobalSection
EndGlobal
